
Microsoft Visual Studio Solution File, Format Version 12.00
# Visual Studio Version 17
VisualStudioVersion = 17.14.36518.9 d17.14
MinimumVisualStudioVersion = 10.0.40219.1
Project("{FAE04EC0-301F-11D3-BF4B-00C04F79EFBC}") = "ChatService", "ChatService\ChatService.csproj", "{6A28E9ED-CFC7-4806-A12F-4207C3048614}"
EndProject
Global
	GlobalSection(SolutionConfigurationPlatforms) = preSolution
		Debug|Any CPU = Debug|Any CPU
		Release|Any CPU = Release|Any CPU
	EndGlobalSection
	GlobalSection(ProjectConfigurationPlatforms) = postSolution
		{6A28E9ED-CFC7-4806-A12F-4207C3048614}.Debug|Any CPU.ActiveCfg = Debug|Any CPU
		{6A28E9ED-CFC7-4806-A12F-4207C3048614}.Debug|Any CPU.Build.0 = Debug|Any CPU
		{6A28E9ED-CFC7-4806-A12F-4207C3048614}.Release|Any CPU.ActiveCfg = Release|Any CPU
		{6A28E9ED-CFC7-4806-A12F-4207C3048614}.Release|Any CPU.Build.0 = Release|Any CPU
	EndGlobalSection
	GlobalSection(SolutionProperties) = preSolution
		HideSolutionNode = FALSE
	EndGlobalSection
	GlobalSection(ExtensibilityGlobals) = postSolution
		SolutionGuid = {C1A24E3A-795C-4EA5-838D-57B52966E4A0}
	EndGlobalSection
EndGlobal
